
Microsoft Visual Studio Solution File, Format Version 12.00
# Visual Studio 14
VisualStudioVersion = 14.0.24720.0
MinimumVisualStudioVersion = 10.0.40219.1
Project("{2150E333-8FDC-42A3-9474-1A3956D46DE8}") = "Distributables", "Distributables", "{3AA2F04C-5697-498B-B879-6BA134BDD742}"
EndProject
Project("{F2A71F9B-5D33-465A-A702-920D77279786}") = "Provider.Domain", "Types\Provider.Domain.fsproj", "{5255AD49-A1CB-4C05-B1DF-A075CFB44F13}"
EndProject
Project("{F2A71F9B-5D33-465A-A702-920D77279786}") = "ProviderEdge", "ProducerClient\ProviderEdge.fsproj", "{3D84195D-A358-425B-9990-DDA6DA46F389}"
EndProject
Project("{F2A71F9B-5D33-465A-A702-920D77279786}") = "ProviderEdgeFake", "ProducerFake\ProviderEdgeFake.fsproj", "{57C4A7BB-CED4-464D-9D25-8FDE1B887441}"
EndProject
Project("{2150E333-8FDC-42A3-9474-1A3956D46DE8}") = "Internals", "Internals", "{059CF167-71C6-41C6-A2CA-9E176CC70EE9}"
EndProject
Project("{F2A71F9B-5D33-465A-A702-920D77279786}") = "ProviderTests", "ProducerTests\ProviderTests.fsproj", "{8F249845-F922-4695-B4FD-8BA0CC71CB83}"
EndProject
Project("{F2A71F9B-5D33-465A-A702-920D77279786}") = "Provider.Server", "Producer.Server\Provider.Server.fsproj", "{C8DB95FB-650F-4684-9EB1-155C46BEC560}"
EndProject
Project("{2150E333-8FDC-42A3-9474-1A3956D46DE8}") = "Testing", "Testing", "{608B6642-EA0A-4CAF-AB07-25345ABDB032}"
EndProject
Project("{F2A71F9B-5D33-465A-A702-920D77279786}") = "Provider.Logic", "Producer.Logic\Provider.Logic.fsproj", "{D147F6F5-FF74-48E8-B7E3-55649EA34E66}"
EndProject
Project("{F2A71F9B-5D33-465A-A702-920D77279786}") = "DatabaseAdapter", "JsonStorage\DatabaseAdapter.fsproj", "{ADEF1EC8-BF31-4520-9266-E3E85EF932E1}"
EndProject
Project("{F2A71F9B-5D33-465A-A702-920D77279786}") = "DatabaseMock", "DatabaseMock\DatabaseMock.fsproj", "{9D485E51-38C8-40B9-BFFF-79BCC2A4A041}"
EndProject
Project("{2150E333-8FDC-42A3-9474-1A3956D46DE8}") = "Solution Items", "Solution Items", "{10241DC6-272E-402A-98C1-F89E03B898C0}"
	ProjectSection(SolutionItems) = preProject
		paket.dependencies = paket.dependencies
		paket.lock = paket.lock
	EndProjectSection
EndProject
Project("{2150E333-8FDC-42A3-9474-1A3956D46DE8}") = "Unit-Testing", "Unit-Testing", "{6ED4759F-5364-43D9-B42B-A582744BAF43}"
EndProject
Project("{2150E333-8FDC-42A3-9474-1A3956D46DE8}") = "Edge-Testing", "Edge-Testing", "{2EE1D145-49B7-4AB2-999A-E63BA5B10462}"
EndProject
Project("{2150E333-8FDC-42A3-9474-1A3956D46DE8}") = "Fake", "Fake", "{22E5D950-D5F1-4F61-904C-30893BB9A847}"
EndProject
Project("{F2A71F9B-5D33-465A-A702-920D77279786}") = "ProviderEdgeTests", "EdgeTests\ProviderEdgeTests.fsproj", "{5608DE98-55F1-46B7-AC3E-9535DA36E99E}"
EndProject
Project("{F2A71F9B-5D33-465A-A702-920D77279786}") = "ProviderDirectEdge", "DirectEdge\ProviderDirectEdge.fsproj", "{C3FF950E-2095-403A-A249-434FD7D39FE6}"
EndProject
Global
	GlobalSection(SolutionConfigurationPlatforms) = preSolution
		Debug|Any CPU = Debug|Any CPU
		Release|Any CPU = Release|Any CPU
	EndGlobalSection
	GlobalSection(ProjectConfigurationPlatforms) = postSolution
		{5255AD49-A1CB-4C05-B1DF-A075CFB44F13}.Debug|Any CPU.ActiveCfg = Debug|Any CPU
		{5255AD49-A1CB-4C05-B1DF-A075CFB44F13}.Debug|Any CPU.Build.0 = Debug|Any CPU
		{5255AD49-A1CB-4C05-B1DF-A075CFB44F13}.Release|Any CPU.ActiveCfg = Release|Any CPU
		{5255AD49-A1CB-4C05-B1DF-A075CFB44F13}.Release|Any CPU.Build.0 = Release|Any CPU
		{3D84195D-A358-425B-9990-DDA6DA46F389}.Debug|Any CPU.ActiveCfg = Debug|Any CPU
		{3D84195D-A358-425B-9990-DDA6DA46F389}.Debug|Any CPU.Build.0 = Debug|Any CPU
		{3D84195D-A358-425B-9990-DDA6DA46F389}.Release|Any CPU.ActiveCfg = Release|Any CPU
		{3D84195D-A358-425B-9990-DDA6DA46F389}.Release|Any CPU.Build.0 = Release|Any CPU
		{57C4A7BB-CED4-464D-9D25-8FDE1B887441}.Debug|Any CPU.ActiveCfg = Debug|Any CPU
		{57C4A7BB-CED4-464D-9D25-8FDE1B887441}.Debug|Any CPU.Build.0 = Debug|Any CPU
		{57C4A7BB-CED4-464D-9D25-8FDE1B887441}.Release|Any CPU.ActiveCfg = Release|Any CPU
		{57C4A7BB-CED4-464D-9D25-8FDE1B887441}.Release|Any CPU.Build.0 = Release|Any CPU
		{8F249845-F922-4695-B4FD-8BA0CC71CB83}.Debug|Any CPU.ActiveCfg = Debug|Any CPU
		{8F249845-F922-4695-B4FD-8BA0CC71CB83}.Debug|Any CPU.Build.0 = Debug|Any CPU
		{8F249845-F922-4695-B4FD-8BA0CC71CB83}.Release|Any CPU.ActiveCfg = Release|Any CPU
		{8F249845-F922-4695-B4FD-8BA0CC71CB83}.Release|Any CPU.Build.0 = Release|Any CPU
		{C8DB95FB-650F-4684-9EB1-155C46BEC560}.Debug|Any CPU.ActiveCfg = Debug|Any CPU
		{C8DB95FB-650F-4684-9EB1-155C46BEC560}.Debug|Any CPU.Build.0 = Debug|Any CPU
		{C8DB95FB-650F-4684-9EB1-155C46BEC560}.Release|Any CPU.ActiveCfg = Release|Any CPU
		{C8DB95FB-650F-4684-9EB1-155C46BEC560}.Release|Any CPU.Build.0 = Release|Any CPU
		{D147F6F5-FF74-48E8-B7E3-55649EA34E66}.Debug|Any CPU.ActiveCfg = Debug|Any CPU
		{D147F6F5-FF74-48E8-B7E3-55649EA34E66}.Debug|Any CPU.Build.0 = Debug|Any CPU
		{D147F6F5-FF74-48E8-B7E3-55649EA34E66}.Release|Any CPU.ActiveCfg = Release|Any CPU
		{D147F6F5-FF74-48E8-B7E3-55649EA34E66}.Release|Any CPU.Build.0 = Release|Any CPU
		{ADEF1EC8-BF31-4520-9266-E3E85EF932E1}.Debug|Any CPU.ActiveCfg = Debug|Any CPU
		{ADEF1EC8-BF31-4520-9266-E3E85EF932E1}.Debug|Any CPU.Build.0 = Debug|Any CPU
		{ADEF1EC8-BF31-4520-9266-E3E85EF932E1}.Release|Any CPU.ActiveCfg = Release|Any CPU
		{ADEF1EC8-BF31-4520-9266-E3E85EF932E1}.Release|Any CPU.Build.0 = Release|Any CPU
		{9D485E51-38C8-40B9-BFFF-79BCC2A4A041}.Debug|Any CPU.ActiveCfg = Debug|Any CPU
		{9D485E51-38C8-40B9-BFFF-79BCC2A4A041}.Debug|Any CPU.Build.0 = Debug|Any CPU
		{9D485E51-38C8-40B9-BFFF-79BCC2A4A041}.Release|Any CPU.ActiveCfg = Release|Any CPU
		{9D485E51-38C8-40B9-BFFF-79BCC2A4A041}.Release|Any CPU.Build.0 = Release|Any CPU
		{5608DE98-55F1-46B7-AC3E-9535DA36E99E}.Debug|Any CPU.ActiveCfg = Debug|Any CPU
		{5608DE98-55F1-46B7-AC3E-9535DA36E99E}.Debug|Any CPU.Build.0 = Debug|Any CPU
		{5608DE98-55F1-46B7-AC3E-9535DA36E99E}.Release|Any CPU.ActiveCfg = Release|Any CPU
		{5608DE98-55F1-46B7-AC3E-9535DA36E99E}.Release|Any CPU.Build.0 = Release|Any CPU
		{C3FF950E-2095-403A-A249-434FD7D39FE6}.Debug|Any CPU.ActiveCfg = Debug|Any CPU
		{C3FF950E-2095-403A-A249-434FD7D39FE6}.Debug|Any CPU.Build.0 = Debug|Any CPU
		{C3FF950E-2095-403A-A249-434FD7D39FE6}.Release|Any CPU.ActiveCfg = Release|Any CPU
		{C3FF950E-2095-403A-A249-434FD7D39FE6}.Release|Any CPU.Build.0 = Release|Any CPU
	EndGlobalSection
	GlobalSection(SolutionProperties) = preSolution
		HideSolutionNode = FALSE
	EndGlobalSection
	GlobalSection(NestedProjects) = preSolution
		{5255AD49-A1CB-4C05-B1DF-A075CFB44F13} = {3AA2F04C-5697-498B-B879-6BA134BDD742}
		{3D84195D-A358-425B-9990-DDA6DA46F389} = {3AA2F04C-5697-498B-B879-6BA134BDD742}
		{57C4A7BB-CED4-464D-9D25-8FDE1B887441} = {22E5D950-D5F1-4F61-904C-30893BB9A847}
		{8F249845-F922-4695-B4FD-8BA0CC71CB83} = {6ED4759F-5364-43D9-B42B-A582744BAF43}
		{C8DB95FB-650F-4684-9EB1-155C46BEC560} = {059CF167-71C6-41C6-A2CA-9E176CC70EE9}
		{D147F6F5-FF74-48E8-B7E3-55649EA34E66} = {059CF167-71C6-41C6-A2CA-9E176CC70EE9}
		{ADEF1EC8-BF31-4520-9266-E3E85EF932E1} = {059CF167-71C6-41C6-A2CA-9E176CC70EE9}
		{9D485E51-38C8-40B9-BFFF-79BCC2A4A041} = {22E5D950-D5F1-4F61-904C-30893BB9A847}
		{6ED4759F-5364-43D9-B42B-A582744BAF43} = {608B6642-EA0A-4CAF-AB07-25345ABDB032}
		{2EE1D145-49B7-4AB2-999A-E63BA5B10462} = {608B6642-EA0A-4CAF-AB07-25345ABDB032}
		{22E5D950-D5F1-4F61-904C-30893BB9A847} = {608B6642-EA0A-4CAF-AB07-25345ABDB032}
		{5608DE98-55F1-46B7-AC3E-9535DA36E99E} = {2EE1D145-49B7-4AB2-999A-E63BA5B10462}
		{C3FF950E-2095-403A-A249-434FD7D39FE6} = {22E5D950-D5F1-4F61-904C-30893BB9A847}
	EndGlobalSection
EndGlobal
